# THIS IS AN AUTOGENERATED FILE. DO NOT EDIT THIS FILE DIRECTLY.
# yarn lockfile v1


disect@~1.1.0:
  version "1.1.1"
  resolved "https://registry.yarnpkg.com/disect/-/disect-1.1.1.tgz#b2b520fab720abed83ec1a41f61979f4f318aca7"
  integrity sha512-rr2Ym8FSAoqAJ1KfpUiQ/Io01HP0LZPHBuppbFsHozmSNf+YwrvyD5pm5tMTUApJFNwD7HeWJ5DGldSugScukA==

tokenizer@^1.1.2:
  version "1.1.2"
  resolved "https://registry.yarnpkg.com/tokenizer/-/tokenizer-1.1.2.tgz#0058bdc229affaed05b29333675ccf53eae34f5d"
  integrity sha512-c/EYsBwEW/EX28q44UaSrJ9o5M2aI+N/xdJJ4Zl7dNq76OmWQHhmXH0T8DJQNjVYPc7NclV2CZQfyeUMfnEu/A==
  dependencies:
    disect "~1.1.0"
